
Microsoft Visual Studio Solution File, Format Version 12.00
# Visual Studio Version 16
VisualStudioVersion = 16.0.31729.503
MinimumVisualStudioVersion = 10.0.40219.1
Project("{9A19103F-16F7-4668-BE54-9A1E7A4F7556}") = "Topshelf", "Topshelf\Topshelf.csproj", "{A52AD64D-6455-4A22-8CCF-581851086578}"
EndProject
Project("{2150E333-8FDC-42A3-9474-1A3956D46DE8}") = "Samples", "Samples", "{94D59671-81F3-44B9-B54D-8E5D616DB0BB}"
EndProject
Project("{9A19103F-16F7-4668-BE54-9A1E7A4F7556}") = "SampleTopshelfService", "SampleTopshelfService\SampleTopshelfService.csproj", "{E5A0AD7B-1806-4F99-84F0-55BD72C1C7A3}"
EndProject
Project("{9A19103F-16F7-4668-BE54-9A1E7A4F7556}") = "Topshelf.Tests", "Topshelf.Tests\Topshelf.Tests.csproj", "{508C7AAB-03DD-40C6-947D-6A8D22AAA941}"
EndProject
Project("{9A19103F-16F7-4668-BE54-9A1E7A4F7556}") = "Topshelf.Log4Net", "Topshelf.Log4Net\Topshelf.Log4Net.csproj", "{0EE64D46-5728-45DB-8D0E-044CE2677FD8}"
EndProject
Project("{9A19103F-16F7-4668-BE54-9A1E7A4F7556}") = "Topshelf.NLog", "Topshelf.NLog\Topshelf.NLog.csproj", "{55FC6F5C-778F-4E77-8C55-C62216858CE7}"
EndProject
Project("{9A19103F-16F7-4668-BE54-9A1E7A4F7556}") = "Topshelf.Serilog", "Topshelf.Serilog\Topshelf.Serilog.csproj", "{20F2B28C-3AD6-4B1D-9371-15DF77443DA8}"
EndProject
Project("{9A19103F-16F7-4668-BE54-9A1E7A4F7556}") = "Topshelf.Extensions.Configuration", "Topshelf.Extensions.Configuration\Topshelf.Extensions.Configuration.csproj", "{90662D65-AF44-4278-BCD6-0F671E7DFD81}"
EndProject
Project("{9A19103F-16F7-4668-BE54-9A1E7A4F7556}") = "Topshelf.Extensions.Logging", "Topshelf.Extensions.Logging\Topshelf.Extensions.Logging.csproj", "{FA64A7F9-BB6B-42C7-ACD0-C0A42FD2650E}"
EndProject
Project("{9A19103F-16F7-4668-BE54-9A1E7A4F7556}") = "Topshelf.Extensions.Configuration.Tests", "Topshelf.Extensions.Configuration.Tests\Topshelf.Extensions.Configuration.Tests.csproj", "{98E391A8-3132-4D60-818A-A68A62254068}"
EndProject
Project("{9A19103F-16F7-4668-BE54-9A1E7A4F7556}") = "TopShelf.ServiceInstaller", "TopShelf.ServiceInstaller\TopShelf.ServiceInstaller.csproj", "{699FB86C-E57F-4750-BE0F-ACDCC3F19364}"
EndProject
Project("{2150E333-8FDC-42A3-9474-1A3956D46DE8}") = "Solution Items", "Solution Items", "{75D5FED8-96D8-4460-82DF-595A5F4B8114}"
	ProjectSection(SolutionItems) = preProject
		Directory.Build.props = Directory.Build.props
		SolutionVersion.cs = SolutionVersion.cs
	EndProjectSection
EndProject
Global
	GlobalSection(SolutionConfigurationPlatforms) = preSolution
		Debug|Any CPU = Debug|Any CPU
		Release|Any CPU = Release|Any CPU
		ReleaseUnsigned|Any CPU = ReleaseUnsigned|Any CPU
	EndGlobalSection
	GlobalSection(ProjectConfigurationPlatforms) = postSolution
		{A52AD64D-6455-4A22-8CCF-581851086578}.Debug|Any CPU.ActiveCfg = Debug|Any CPU
		{A52AD64D-6455-4A22-8CCF-581851086578}.Debug|Any CPU.Build.0 = Debug|Any CPU
		{A52AD64D-6455-4A22-8CCF-581851086578}.Release|Any CPU.ActiveCfg = Release|Any CPU
		{A52AD64D-6455-4A22-8CCF-581851086578}.Release|Any CPU.Build.0 = Release|Any CPU
		{A52AD64D-6455-4A22-8CCF-581851086578}.ReleaseUnsigned|Any CPU.ActiveCfg = Release|Any CPU
		{A52AD64D-6455-4A22-8CCF-581851086578}.ReleaseUnsigned|Any CPU.Build.0 = Release|Any CPU
		{E5A0AD7B-1806-4F99-84F0-55BD72C1C7A3}.Debug|Any CPU.ActiveCfg = Debug|Any CPU
		{E5A0AD7B-1806-4F99-84F0-55BD72C1C7A3}.Debug|Any CPU.Build.0 = Debug|Any CPU
		{E5A0AD7B-1806-4F99-84F0-55BD72C1C7A3}.Release|Any CPU.ActiveCfg = Release|Any CPU
		{E5A0AD7B-1806-4F99-84F0-55BD72C1C7A3}.Release|Any CPU.Build.0 = Release|Any CPU
		{E5A0AD7B-1806-4F99-84F0-55BD72C1C7A3}.ReleaseUnsigned|Any CPU.ActiveCfg = Release|Any CPU
		{508C7AAB-03DD-40C6-947D-6A8D22AAA941}.Debug|Any CPU.ActiveCfg = Debug|Any CPU
		{508C7AAB-03DD-40C6-947D-6A8D22AAA941}.Debug|Any CPU.Build.0 = Debug|Any CPU
		{508C7AAB-03DD-40C6-947D-6A8D22AAA941}.Release|Any CPU.ActiveCfg = Release|Any CPU
		{508C7AAB-03DD-40C6-947D-6A8D22AAA941}.Release|Any CPU.Build.0 = Release|Any CPU
		{508C7AAB-03DD-40C6-947D-6A8D22AAA941}.ReleaseUnsigned|Any CPU.ActiveCfg = Release|Any CPU
		{0EE64D46-5728-45DB-8D0E-044CE2677FD8}.Debug|Any CPU.ActiveCfg = Debug|Any CPU
		{0EE64D46-5728-45DB-8D0E-044CE2677FD8}.Debug|Any CPU.Build.0 = Debug|Any CPU
		{0EE64D46-5728-45DB-8D0E-044CE2677FD8}.Release|Any CPU.ActiveCfg = Release|Any CPU
		{0EE64D46-5728-45DB-8D0E-044CE2677FD8}.Release|Any CPU.Build.0 = Release|Any CPU
		{0EE64D46-5728-45DB-8D0E-044CE2677FD8}.ReleaseUnsigned|Any CPU.ActiveCfg = Release|Any CPU
		{55FC6F5C-778F-4E77-8C55-C62216858CE7}.Debug|Any CPU.ActiveCfg = Debug|Any CPU
		{55FC6F5C-778F-4E77-8C55-C62216858CE7}.Debug|Any CPU.Build.0 = Debug|Any CPU
		{55FC6F5C-778F-4E77-8C55-C62216858CE7}.Release|Any CPU.ActiveCfg = Release|Any CPU
		{55FC6F5C-778F-4E77-8C55-C62216858CE7}.Release|Any CPU.Build.0 = Release|Any CPU
		{55FC6F5C-778F-4E77-8C55-C62216858CE7}.ReleaseUnsigned|Any CPU.ActiveCfg = Release|Any CPU
		{20F2B28C-3AD6-4B1D-9371-15DF77443DA8}.Debug|Any CPU.ActiveCfg = Debug|Any CPU
		{20F2B28C-3AD6-4B1D-9371-15DF77443DA8}.Debug|Any CPU.Build.0 = Debug|Any CPU
		{20F2B28C-3AD6-4B1D-9371-15DF77443DA8}.Release|Any CPU.ActiveCfg = Release|Any CPU
		{20F2B28C-3AD6-4B1D-9371-15DF77443DA8}.Release|Any CPU.Build.0 = Release|Any CPU
		{20F2B28C-3AD6-4B1D-9371-15DF77443DA8}.ReleaseUnsigned|Any CPU.ActiveCfg = Release|Any CPU
		{90662D65-AF44-4278-BCD6-0F671E7DFD81}.Debug|Any CPU.ActiveCfg = Debug|Any CPU
		{90662D65-AF44-4278-BCD6-0F671E7DFD81}.Debug|Any CPU.Build.0 = Debug|Any CPU
		{90662D65-AF44-4278-BCD6-0F671E7DFD81}.Release|Any CPU.ActiveCfg = Release|Any CPU
		{90662D65-AF44-4278-BCD6-0F671E7DFD81}.Release|Any CPU.Build.0 = Release|Any CPU
		{90662D65-AF44-4278-BCD6-0F671E7DFD81}.ReleaseUnsigned|Any CPU.ActiveCfg = Release|Any CPU
		{90662D65-AF44-4278-BCD6-0F671E7DFD81}.ReleaseUnsigned|Any CPU.Build.0 = Release|Any CPU
		{FA64A7F9-BB6B-42C7-ACD0-C0A42FD2650E}.Debug|Any CPU.ActiveCfg = Debug|Any CPU
		{FA64A7F9-BB6B-42C7-ACD0-C0A42FD2650E}.Debug|Any CPU.Build.0 = Debug|Any CPU
		{FA64A7F9-BB6B-42C7-ACD0-C0A42FD2650E}.Release|Any CPU.ActiveCfg = Release|Any CPU
		{FA64A7F9-BB6B-42C7-ACD0-C0A42FD2650E}.Release|Any CPU.Build.0 = Release|Any CPU
		{FA64A7F9-BB6B-42C7-ACD0-C0A42FD2650E}.ReleaseUnsigned|Any CPU.ActiveCfg = Release|Any CPU
		{FA64A7F9-BB6B-42C7-ACD0-C0A42FD2650E}.ReleaseUnsigned|Any CPU.Build.0 = Release|Any CPU
		{98E391A8-3132-4D60-818A-A68A62254068}.Debug|Any CPU.ActiveCfg = Debug|Any CPU
		{98E391A8-3132-4D60-818A-A68A62254068}.Debug|Any CPU.Build.0 = Debug|Any CPU
		{98E391A8-3132-4D60-818A-A68A62254068}.Release|Any CPU.ActiveCfg = Release|Any CPU
		{98E391A8-3132-4D60-818A-A68A62254068}.Release|Any CPU.Build.0 = Release|Any CPU
		{98E391A8-3132-4D60-818A-A68A62254068}.ReleaseUnsigned|Any CPU.ActiveCfg = Release|Any CPU
		{98E391A8-3132-4D60-818A-A68A62254068}.ReleaseUnsigned|Any CPU.Build.0 = Release|Any CPU
		{699FB86C-E57F-4750-BE0F-ACDCC3F19364}.Debug|Any CPU.ActiveCfg = Debug|Any CPU
		{699FB86C-E57F-4750-BE0F-ACDCC3F19364}.Debug|Any CPU.Build.0 = Debug|Any CPU
		{699FB86C-E57F-4750-BE0F-ACDCC3F19364}.Release|Any CPU.ActiveCfg = Release|Any CPU
		{699FB86C-E57F-4750-BE0F-ACDCC3F19364}.Release|Any CPU.Build.0 = Release|Any CPU
		{699FB86C-E57F-4750-BE0F-ACDCC3F19364}.ReleaseUnsigned|Any CPU.ActiveCfg = Release|Any CPU
		{699FB86C-E57F-4750-BE0F-ACDCC3F19364}.ReleaseUnsigned|Any CPU.Build.0 = Release|Any CPU
	EndGlobalSection
	GlobalSection(SolutionProperties) = preSolution
		HideSolutionNode = FALSE
	EndGlobalSection
	GlobalSection(NestedProjects) = preSolution
		{E5A0AD7B-1806-4F99-84F0-55BD72C1C7A3} = {94D59671-81F3-44B9-B54D-8E5D616DB0BB}
	EndGlobalSection
	GlobalSection(ExtensibilityGlobals) = postSolution
		SolutionGuid = {DF857ED9-FBAA-438F-881E-A8BB738CA86C}
	EndGlobalSection
EndGlobal
